
Microsoft Visual Studio Solution File, Format Version 12.00
# Visual Studio Version 16
VisualStudioVersion = 16.0.32228.343
MinimumVisualStudioVersion = 10.0.40219.1
Project("{FAE04EC0-301F-11D3-BF4B-00C04F79EFBC}") = "Farmacie", "Farmacie.csproj", "{6BECA090-742D-4F4A-8992-45F6C838C1A0}"
EndProject
Project("{FAE04EC0-301F-11D3-BF4B-00C04F79EFBC}") = "NivelStocareMedicamente", "..\NivelStocareMedicamente\NivelStocareMedicamente.csproj", "{CD1EBB04-4963-4E99-8335-34C9B598A7F2}"
EndProject
Project("{FAE04EC0-301F-11D3-BF4B-00C04F79EFBC}") = "LibrarieMedicament", "..\LibrarieMedicament\LibrarieMedicament.csproj", "{3EDCD93C-AC64-4678-B6F2-BF7461B130A7}"
EndProject
Project("{FAE04EC0-301F-11D3-BF4B-00C04F79EFBC}") = "AdministrareAngajati_FisierText", "..\AdministrareAngajati_FisierText\AdministrareAngajati_FisierText.csproj", "{FC9779D5-19C5-45E9-A502-632FC677926B}"
EndProject
Project("{FAE04EC0-301F-11D3-BF4B-00C04F79EFBC}") = "Persoana", "..\Persoana\Persoana.csproj", "{14D3BDAF-C733-4315-8A7B-661982C4E083}"
EndProject
Global
	GlobalSection(SolutionConfigurationPlatforms) = preSolution
		Debug|Any CPU = Debug|Any CPU
		Release|Any CPU = Release|Any CPU
	EndGlobalSection
	GlobalSection(ProjectConfigurationPlatforms) = postSolution
		{6BECA090-742D-4F4A-8992-45F6C838C1A0}.Debug|Any CPU.ActiveCfg = Debug|Any CPU
		{6BECA090-742D-4F4A-8992-45F6C838C1A0}.Debug|Any CPU.Build.0 = Debug|Any CPU
		{6BECA090-742D-4F4A-8992-45F6C838C1A0}.Release|Any CPU.ActiveCfg = Release|Any CPU
		{6BECA090-742D-4F4A-8992-45F6C838C1A0}.Release|Any CPU.Build.0 = Release|Any CPU
		{CD1EBB04-4963-4E99-8335-34C9B598A7F2}.Debug|Any CPU.ActiveCfg = Debug|Any CPU
		{CD1EBB04-4963-4E99-8335-34C9B598A7F2}.Debug|Any CPU.Build.0 = Debug|Any CPU
		{CD1EBB04-4963-4E99-8335-34C9B598A7F2}.Release|Any CPU.ActiveCfg = Release|Any CPU
		{CD1EBB04-4963-4E99-8335-34C9B598A7F2}.Release|Any CPU.Build.0 = Release|Any CPU
		{3EDCD93C-AC64-4678-B6F2-BF7461B130A7}.Debug|Any CPU.ActiveCfg = Debug|Any CPU
		{3EDCD93C-AC64-4678-B6F2-BF7461B130A7}.Debug|Any CPU.Build.0 = Debug|Any CPU
		{3EDCD93C-AC64-4678-B6F2-BF7461B130A7}.Release|Any CPU.ActiveCfg = Release|Any CPU
		{3EDCD93C-AC64-4678-B6F2-BF7461B130A7}.Release|Any CPU.Build.0 = Release|Any CPU
		{FC9779D5-19C5-45E9-A502-632FC677926B}.Debug|Any CPU.ActiveCfg = Debug|Any CPU
		{FC9779D5-19C5-45E9-A502-632FC677926B}.Debug|Any CPU.Build.0 = Debug|Any CPU
		{FC9779D5-19C5-45E9-A502-632FC677926B}.Release|Any CPU.ActiveCfg = Release|Any CPU
		{FC9779D5-19C5-45E9-A502-632FC677926B}.Release|Any CPU.Build.0 = Release|Any CPU
		{14D3BDAF-C733-4315-8A7B-661982C4E083}.Debug|Any CPU.ActiveCfg = Debug|Any CPU
		{14D3BDAF-C733-4315-8A7B-661982C4E083}.Debug|Any CPU.Build.0 = Debug|Any CPU
		{14D3BDAF-C733-4315-8A7B-661982C4E083}.Release|Any CPU.ActiveCfg = Release|Any CPU
		{14D3BDAF-C733-4315-8A7B-661982C4E083}.Release|Any CPU.Build.0 = Release|Any CPU
	EndGlobalSection
	GlobalSection(SolutionProperties) = preSolution
		HideSolutionNode = FALSE
	EndGlobalSection
	GlobalSection(ExtensibilityGlobals) = postSolution
		SolutionGuid = {0516CD51-5575-46FF-87EF-BC0D4729E31B}
	EndGlobalSection
EndGlobal
